
Microsoft Visual Studio Solution File, Format Version 12.00
# Visual Studio Version 16
VisualStudioVersion = 16.0.30002.166
MinimumVisualStudioVersion = 10.0.40219.1
Project("{9A19103F-16F7-4668-BE54-9A1E7A4F7556}") = "UltimateSlotMachine", "UltimateSlotMachine\UltimateSlotMachine.csproj", "{D792FD92-AF33-45CA-9909-03529344AA59}"
EndProject
Project("{9A19103F-16F7-4668-BE54-9A1E7A4F7556}") = "SlotMachinesLibrary", "..\ConsoleSlotMachine\SlotMachinesLibrary\SlotMachinesLibrary.csproj", "{498ABAB2-4DC0-4D9E-A23C-7E6659AF9251}"
EndProject
Global
	GlobalSection(SolutionConfigurationPlatforms) = preSolution
		Debug|Any CPU = Debug|Any CPU
		Release|Any CPU = Release|Any CPU
	EndGlobalSection
	GlobalSection(ProjectConfigurationPlatforms) = postSolution
		{D792FD92-AF33-45CA-9909-03529344AA59}.Debug|Any CPU.ActiveCfg = Debug|Any CPU
		{D792FD92-AF33-45CA-9909-03529344AA59}.Debug|Any CPU.Build.0 = Debug|Any CPU
		{D792FD92-AF33-45CA-9909-03529344AA59}.Release|Any CPU.ActiveCfg = Release|Any CPU
		{D792FD92-AF33-45CA-9909-03529344AA59}.Release|Any CPU.Build.0 = Release|Any CPU
		{498ABAB2-4DC0-4D9E-A23C-7E6659AF9251}.Debug|Any CPU.ActiveCfg = Debug|Any CPU
		{498ABAB2-4DC0-4D9E-A23C-7E6659AF9251}.Debug|Any CPU.Build.0 = Debug|Any CPU
		{498ABAB2-4DC0-4D9E-A23C-7E6659AF9251}.Release|Any CPU.ActiveCfg = Release|Any CPU
		{498ABAB2-4DC0-4D9E-A23C-7E6659AF9251}.Release|Any CPU.Build.0 = Release|Any CPU
	EndGlobalSection
	GlobalSection(SolutionProperties) = preSolution
		HideSolutionNode = FALSE
	EndGlobalSection
	GlobalSection(ExtensibilityGlobals) = postSolution
		SolutionGuid = {ED7078AD-28EF-4235-A04E-07B4BDD89C9D}
	EndGlobalSection
EndGlobal
